
Microsoft Visual Studio Solution File, Format Version 12.00
# Visual Studio 15
VisualStudioVersion = 15.0.26730.15
MinimumVisualStudioVersion = 10.0.40219.1
Project("{FAE04EC0-301F-11D3-BF4B-00C04F79EFBC}") = "CodeGenerator.WinF", "CodeGenerator.WinF\CodeGenerator.WinF.csproj", "{EE31A815-2F12-491B-B38F-984CCA237CD6}"
EndProject
Global
	GlobalSection(SolutionConfigurationPlatforms) = preSolution
		Debug|Any CPU = Debug|Any CPU
		Release|Any CPU = Release|Any CPU
	EndGlobalSection
	GlobalSection(ProjectConfigurationPlatforms) = postSolution
		{EE31A815-2F12-491B-B38F-984CCA237CD6}.Debug|Any CPU.ActiveCfg = Debug|Any CPU
		{EE31A815-2F12-491B-B38F-984CCA237CD6}.Debug|Any CPU.Build.0 = Debug|Any CPU
		{EE31A815-2F12-491B-B38F-984CCA237CD6}.Release|Any CPU.ActiveCfg = Release|Any CPU
		{EE31A815-2F12-491B-B38F-984CCA237CD6}.Release|Any CPU.Build.0 = Release|Any CPU
	EndGlobalSection
	GlobalSection(SolutionProperties) = preSolution
		HideSolutionNode = FALSE
	EndGlobalSection
	GlobalSection(ExtensibilityGlobals) = postSolution
		SolutionGuid = {F7A2C746-7524-4BA1-B22A-43214B379C3A}
	EndGlobalSection
EndGlobal
